// !$*UTF8*$!
{
	archiveVersion = 1;
	classes = {
	};
	objectVersion = 46;
	objects = {

/* Begin PBXBuildFile section */
		0BF9D5AA3522E7542CD4C99E /* Pods_iOS_Viper_Architecture.framework in Frameworks */ = {isa = PBXBuildFile; fileRef = 0DFE8E51466770BB0911645A /* Pods_iOS_Viper_Architecture.framework */; };
		1501C1FD1E588B550013EA25 /* AppDelegate.swift in Sources */ = {isa = PBXBuildFile; fileRef = 1501C1FC1E588B550013EA25 /* AppDelegate.swift */; };
		1501C1FF1E588B550013EA25 /* ViewController.swift in Sources */ = {isa = PBXBuildFile; fileRef = 1501C1FE1E588B550013EA25 /* ViewController.swift */; };
		1501C2021E588B550013EA25 /* Main.storyboard in Resources */ = {isa = PBXBuildFile; fileRef = 1501C2001E588B550013EA25 /* Main.storyboard */; };
		1501C2051E588B550013EA25 /* iOS_Viper_Architecture.xcdatamodeld in Sources */ = {isa = PBXBuildFile; fileRef = 1501C2031E588B550013EA25 /* iOS_Viper_Architecture.xcdatamodeld */; };
		1501C2071E588B550013EA25 /* Assets.xcassets in Resources */ = {isa = PBXBuildFile; fileRef = 1501C2061E588B550013EA25 /* Assets.xcassets */; };
		1501C20A1E588B550013EA25 /* LaunchScreen.storyboard in Resources */ = {isa = PBXBuildFile; fileRef = 1501C2081E588B550013EA25 /* LaunchScreen.storyboard */; };
		1501C2121E588EE20013EA25 /* CoreDataStore.swift in Sources */ = {isa = PBXBuildFile; fileRef = 1501C2111E588EE20013EA25 /* CoreDataStore.swift */; };
		1501C2541E58A0FC0013EA25 /* PersistenceError.swift in Sources */ = {isa = PBXBuildFile; fileRef = 1501C2421E58A0FC0013EA25 /* PersistenceError.swift */; };
		1501C2561E58A0FC0013EA25 /* PostListProtocols.swift in Sources */ = {isa = PBXBuildFile; fileRef = 1501C2511E58A0FC0013EA25 /* PostListProtocols.swift */; };
		1501C2581E58A26F0013EA25 /* PostModel.swift in Sources */ = {isa = PBXBuildFile; fileRef = 1501C2571E58A26F0013EA25 /* PostModel.swift */; };
		1501C25C1E58A8EB0013EA25 /* PostListLocalDataManager.swift in Sources */ = {isa = PBXBuildFile; fileRef = 1501C25B1E58A8EB0013EA25 /* PostListLocalDataManager.swift */; };
		1501C25E1E58A9090013EA25 /* PostListRemoteDataManager.swift in Sources */ = {isa = PBXBuildFile; fileRef = 1501C25D1E58A9090013EA25 /* PostListRemoteDataManager.swift */; };
		1501C2601E58AA6D0013EA25 /* PostListInteractor.swift in Sources */ = {isa = PBXBuildFile; fileRef = 1501C25F1E58AA6D0013EA25 /* PostListInteractor.swift */; };
		1501C2621E58ABBA0013EA25 /* PostListPresenter.swift in Sources */ = {isa = PBXBuildFile; fileRef = 1501C2611E58ABBA0013EA25 /* PostListPresenter.swift */; };
		1501C2641E58AE1B0013EA25 /* PostListWireFrame.swift in Sources */ = {isa = PBXBuildFile; fileRef = 1501C2631E58AE1B0013EA25 /* PostListWireFrame.swift */; };
		1501C2661E58AF200013EA25 /* PostListView.swift in Sources */ = {isa = PBXBuildFile; fileRef = 1501C2651E58AF200013EA25 /* PostListView.swift */; };
		1501C2681E58BCC50013EA25 /* PostDetailProtocols.swift in Sources */ = {isa = PBXBuildFile; fileRef = 1501C2671E58BCC50013EA25 /* PostDetailProtocols.swift */; };
		1501C26A1E58BEA40013EA25 /* PostDetailWireFrame.swift in Sources */ = {isa = PBXBuildFile; fileRef = 1501C2691E58BEA40013EA25 /* PostDetailWireFrame.swift */; };
		1501C26C1E58BF220013EA25 /* PostDetailPresenter.swift in Sources */ = {isa = PBXBuildFile; fileRef = 1501C26B1E58BF220013EA25 /* PostDetailPresenter.swift */; };
		1501C26E1E58C1450013EA25 /* PostDetailView.swift in Sources */ = {isa = PBXBuildFile; fileRef = 1501C26D1E58C1450013EA25 /* PostDetailView.swift */; };
		152D268B1E59A73600BB3860 /* Post.swift in Sources */ = {isa = PBXBuildFile; fileRef = 152D26891E59A73600BB3860 /* Post.swift */; };
		152D268C1E59A73600BB3860 /* Post+CoreDataProperties.swift in Sources */ = {isa = PBXBuildFile; fileRef = 152D268A1E59A73600BB3860 /* Post+CoreDataProperties.swift */; };
		15B951301E59574600C6B3AD /* Endpoints.swift in Sources */ = {isa = PBXBuildFile; fileRef = 15B9512F1E59574600C6B3AD /* Endpoints.swift */; };
		15B951321E59745C00C6B3AD /* PostTableViewCell.swift in Sources */ = {isa = PBXBuildFile; fileRef = 15B951311E59745C00C6B3AD /* PostTableViewCell.swift */; };
/* End PBXBuildFile section */

/* Begin PBXFileReference section */
		0DFE8E51466770BB0911645A /* Pods_iOS_Viper_Architecture.framework */ = {isa = PBXFileReference; explicitFileType = wrapper.framework; includeInIndex = 0; path = Pods_iOS_Viper_Architecture.framework; sourceTree = BUILT_PRODUCTS_DIR; };
		1501C1F91E588B550013EA25 /* iOS-Viper-Architecture.app */ = {isa = PBXFileReference; explicitFileType = wrapper.application; includeInIndex = 0; path = "iOS-Viper-Architecture.app"; sourceTree = BUILT_PRODUCTS_DIR; };
		1501C1FC1E588B550013EA25 /* AppDelegate.swift */ = {isa = PBXFileReference; lastKnownFileType = sourcecode.swift; path = AppDelegate.swift; sourceTree = "<group>"; };
		1501C1FE1E588B550013EA25 /* ViewController.swift */ = {isa = PBXFileReference; lastKnownFileType = sourcecode.swift; path = ViewController.swift; sourceTree = "<group>"; };
		1501C2011E588B550013EA25 /* Base */ = {isa = PBXFileReference; lastKnownFileType = file.storyboard; name = Base; path = Base.lproj/Main.storyboard; sourceTree = "<group>"; };
		1501C2041E588B550013EA25 /* iOS_Viper_Architecture.xcdatamodel */ = {isa = PBXFileReference; lastKnownFileType = wrapper.xcdatamodel; path = iOS_Viper_Architecture.xcdatamodel; sourceTree = "<group>"; };
		1501C2061E588B550013EA25 /* Assets.xcassets */ = {isa = PBXFileReference; lastKnownFileType = folder.assetcatalog; path = Assets.xcassets; sourceTree = "<group>"; };
		1501C2091E588B550013EA25 /* Base */ = {isa = PBXFileReference; lastKnownFileType = file.storyboard; name = Base; path = Base.lproj/LaunchScreen.storyboard; sourceTree = "<group>"; };
		1501C20B1E588B550013EA25 /* Info.plist */ = {isa = PBXFileReference; lastKnownFileType = text.plist.xml; path = Info.plist; sourceTree = "<group>"; };
		1501C2111E588EE20013EA25 /* CoreDataStore.swift */ = {isa = PBXFileReference; fileEncoding = 4; lastKnownFileType = sourcecode.swift; path = CoreDataStore.swift; sourceTree = "<group>"; };
		1501C2421E58A0FC0013EA25 /* PersistenceError.swift */ = {isa = PBXFileReference; fileEncoding = 4; lastKnownFileType = sourcecode.swift; path = PersistenceError.swift; sourceTree = "<group>"; };
		1501C2511E58A0FC0013EA25 /* PostListProtocols.swift */ = {isa = PBXFileReference; fileEncoding = 4; lastKnownFileType = sourcecode.swift; path = PostListProtocols.swift; sourceTree = "<group>"; };
		1501C2571E58A26F0013EA25 /* PostModel.swift */ = {isa = PBXFileReference; fileEncoding = 4; lastKnownFileType = sourcecode.swift; path = PostModel.swift; sourceTree = "<group>"; };
		1501C25B1E58A8EB0013EA25 /* PostListLocalDataManager.swift */ = {isa = PBXFileReference; fileEncoding = 4; lastKnownFileType = sourcecode.swift; path = PostListLocalDataManager.swift; sourceTree = "<group>"; };
		1501C25D1E58A9090013EA25 /* PostListRemoteDataManager.swift */ = {isa = PBXFileReference; fileEncoding = 4; lastKnownFileType = sourcecode.swift; path = PostListRemoteDataManager.swift; sourceTree = "<group>"; };
		1501C25F1E58AA6D0013EA25 /* PostListInteractor.swift */ = {isa = PBXFileReference; fileEncoding = 4; lastKnownFileType = sourcecode.swift; path = PostListInteractor.swift; sourceTree = "<group>"; };
		1501C2611E58ABBA0013EA25 /* PostListPresenter.swift */ = {isa = PBXFileReference; fileEncoding = 4; lastKnownFileType = sourcecode.swift; path = PostListPresenter.swift; sourceTree = "<group>"; };
		1501C2631E58AE1B0013EA25 /* PostListWireFrame.swift */ = {isa = PBXFileReference; fileEncoding = 4; lastKnownFileType = sourcecode.swift; path = PostListWireFrame.swift; sourceTree = "<group>"; };
		1501C2651E58AF200013EA25 /* PostListView.swift */ = {isa = PBXFileReference; fileEncoding = 4; lastKnownFileType = sourcecode.swift; path = PostListView.swift; sourceTree = "<group>"; };
		1501C2671E58BCC50013EA25 /* PostDetailProtocols.swift */ = {isa = PBXFileReference; fileEncoding = 4; lastKnownFileType = sourcecode.swift; path = PostDetailProtocols.swift; sourceTree = "<group>"; };
		1501C2691E58BEA40013EA25 /* PostDetailWireFrame.swift */ = {isa = PBXFileReference; fileEncoding = 4; lastKnownFileType = sourcecode.swift; path = PostDetailWireFrame.swift; sourceTree = "<group>"; };
		1501C26B1E58BF220013EA25 /* PostDetailPresenter.swift */ = {isa = PBXFileReference; fileEncoding = 4; lastKnownFileType = sourcecode.swift; path = PostDetailPresenter.swift; sourceTree = "<group>"; };
		1501C26D1E58C1450013EA25 /* PostDetailView.swift */ = {isa = PBXFileReference; fileEncoding = 4; lastKnownFileType = sourcecode.swift; path = PostDetailView.swift; sourceTree = "<group>"; };
		152D26891E59A73600BB3860 /* Post.swift */ = {isa = PBXFileReference; fileEncoding = 4; lastKnownFileType = sourcecode.swift; path = Post.swift; sourceTree = "<group>"; };
		152D268A1E59A73600BB3860 /* Post+CoreDataProperties.swift */ = {isa = PBXFileReference; fileEncoding = 4; lastKnownFileType = sourcecode.swift; path = "Post+CoreDataProperties.swift"; sourceTree = "<group>"; };
		15B9512F1E59574600C6B3AD /* Endpoints.swift */ = {isa = PBXFileReference; fileEncoding = 4; lastKnownFileType = sourcecode.swift; path = Endpoints.swift; sourceTree = "<group>"; };
		15B951311E59745C00C6B3AD /* PostTableViewCell.swift */ = {isa = PBXFileReference; fileEncoding = 4; lastKnownFileType = sourcecode.swift; path = PostTableViewCell.swift; sourceTree = "<group>"; };
		603469DB5210F5C501F8FDB5 /* Pods-iOS-Viper-Architecture.debug.xcconfig */ = {isa = PBXFileReference; includeInIndex = 1; lastKnownFileType = text.xcconfig; name = "Pods-iOS-Viper-Architecture.debug.xcconfig"; path = "Pods/Target Support Files/Pods-iOS-Viper-Architecture/Pods-iOS-Viper-Architecture.debug.xcconfig"; sourceTree = "<group>"; };
		C0BC9D39498F514FA6DCC853 /* Pods-iOS-Viper-Architecture.release.xcconfig */ = {isa = PBXFileReference; includeInIndex = 1; lastKnownFileType = text.xcconfig; name = "Pods-iOS-Viper-Architecture.release.xcconfig"; path = "Pods/Target Support Files/Pods-iOS-Viper-Architecture/Pods-iOS-Viper-Architecture.release.xcconfig"; sourceTree = "<group>"; };
/* End PBXFileReference section */

/* Begin PBXFrameworksBuildPhase section */
		1501C1F61E588B550013EA25 /* Frameworks */ = {
			isa = PBXFrameworksBuildPhase;
			buildActionMask = 2147483647;
			files = (
				0BF9D5AA3522E7542CD4C99E /* Pods_iOS_Viper_Architecture.framework in Frameworks */,
			);
			runOnlyForDeploymentPostprocessing = 0;
		};
/* End PBXFrameworksBuildPhase section */

/* Begin PBXGroup section */
		1501C1F01E588B550013EA25 = {
			isa = PBXGroup;
			children = (
				1501C1FB1E588B550013EA25 /* iOS-Viper-Architecture */,
				1501C1FA1E588B550013EA25 /* Products */,
				F885816932661E1DF04A1731 /* Pods */,
				AA967C08F14328672BD0EEA3 /* Frameworks */,
			);
			sourceTree = "<group>";
		};
		1501C1FA1E588B550013EA25 /* Products */ = {
			isa = PBXGroup;
			children = (
				1501C1F91E588B550013EA25 /* iOS-Viper-Architecture.app */,
			);
			name = Products;
			sourceTree = "<group>";
		};
		1501C1FB1E588B550013EA25 /* iOS-Viper-Architecture */ = {
			isa = PBXGroup;
			children = (
				1501C2411E58A0FC0013EA25 /* Common */,
				1501C2431E58A0FC0013EA25 /* Entities */,
				1501C2451E58A0FC0013EA25 /* PostDetail */,
				1501C24C1E58A0FC0013EA25 /* PostList */,
				1501C1FC1E588B550013EA25 /* AppDelegate.swift */,
				1501C1FE1E588B550013EA25 /* ViewController.swift */,
				1501C2001E588B550013EA25 /* Main.storyboard */,
				1501C2061E588B550013EA25 /* Assets.xcassets */,
				1501C2081E588B550013EA25 /* LaunchScreen.storyboard */,
				1501C20B1E588B550013EA25 /* Info.plist */,
				1501C2031E588B550013EA25 /* iOS_Viper_Architecture.xcdatamodeld */,
				1501C2111E588EE20013EA25 /* CoreDataStore.swift */,
			);
			path = "iOS-Viper-Architecture";
			sourceTree = "<group>";
		};
		1501C2411E58A0FC0013EA25 /* Common */ = {
			isa = PBXGroup;
			children = (
				1501C2421E58A0FC0013EA25 /* PersistenceError.swift */,
				15B9512F1E59574600C6B3AD /* Endpoints.swift */,
			);
			path = Common;
			sourceTree = "<group>";
		};
		1501C2431E58A0FC0013EA25 /* Entities */ = {
			isa = PBXGroup;
			children = (
				152D26891E59A73600BB3860 /* Post.swift */,
				152D268A1E59A73600BB3860 /* Post+CoreDataProperties.swift */,
				1501C2571E58A26F0013EA25 /* PostModel.swift */,
			);
			path = Entities;
			sourceTree = "<group>";
		};
		1501C2451E58A0FC0013EA25 /* PostDetail */ = {
			isa = PBXGroup;
			children = (
				1501C2481E58A0FC0013EA25 /* Presenter */,
				1501C2491E58A0FC0013EA25 /* Protocols */,
				1501C24A1E58A0FC0013EA25 /* View */,
				1501C24B1E58A0FC0013EA25 /* WireFrame */,
			);
			path = PostDetail;
			sourceTree = "<group>";
		};
		1501C2481E58A0FC0013EA25 /* Presenter */ = {
			isa = PBXGroup;
			children = (
				1501C26B1E58BF220013EA25 /* PostDetailPresenter.swift */,
			);
			path = Presenter;
			sourceTree = "<group>";
		};
		1501C2491E58A0FC0013EA25 /* Protocols */ = {
			isa = PBXGroup;
			children = (
				1501C2671E58BCC50013EA25 /* PostDetailProtocols.swift */,
			);
			path = Protocols;
			sourceTree = "<group>";
		};
		1501C24A1E58A0FC0013EA25 /* View */ = {
			isa = PBXGroup;
			children = (
				1501C26D1E58C1450013EA25 /* PostDetailView.swift */,
			);
			path = View;
			sourceTree = "<group>";
		};
		1501C24B1E58A0FC0013EA25 /* WireFrame */ = {
			isa = PBXGroup;
			children = (
				1501C2691E58BEA40013EA25 /* PostDetailWireFrame.swift */,
			);
			path = WireFrame;
			sourceTree = "<group>";
		};
		1501C24C1E58A0FC0013EA25 /* PostList */ = {
			isa = PBXGroup;
			children = (
				1501C24D1E58A0FC0013EA25 /* DataManager */,
				1501C24E1E58A0FC0013EA25 /* Interactor */,
				1501C24F1E58A0FC0013EA25 /* Presenter */,
				1501C2501E58A0FC0013EA25 /* Protocols */,
				1501C2521E58A0FC0013EA25 /* View */,
				1501C2531E58A0FC0013EA25 /* WireFrame */,
			);
			path = PostList;
			sourceTree = "<group>";
		};
		1501C24D1E58A0FC0013EA25 /* DataManager */ = {
			isa = PBXGroup;
			children = (
				1501C2591E58A8CA0013EA25 /* Local */,
				1501C25A1E58A8CA0013EA25 /* Remote */,
			);
			path = DataManager;
			sourceTree = "<group>";
		};
		1501C24E1E58A0FC0013EA25 /* Interactor */ = {
			isa = PBXGroup;
			children = (
				1501C25F1E58AA6D0013EA25 /* PostListInteractor.swift */,
			);
			path = Interactor;
			sourceTree = "<group>";
		};
		1501C24F1E58A0FC0013EA25 /* Presenter */ = {
			isa = PBXGroup;
			children = (
				1501C2611E58ABBA0013EA25 /* PostListPresenter.swift */,
			);
			path = Presenter;
			sourceTree = "<group>";
		};
		1501C2501E58A0FC0013EA25 /* Protocols */ = {
			isa = PBXGroup;
			children = (
				1501C2511E58A0FC0013EA25 /* PostListProtocols.swift */,
			);
			path = Protocols;
			sourceTree = "<group>";
		};
		1501C2521E58A0FC0013EA25 /* View */ = {
			isa = PBXGroup;
			children = (
				1501C2651E58AF200013EA25 /* PostListView.swift */,
				15B951311E59745C00C6B3AD /* PostTableViewCell.swift */,
			);
			path = View;
			sourceTree = "<group>";
		};
		1501C2531E58A0FC0013EA25 /* WireFrame */ = {
			isa = PBXGroup;
			children = (
				1501C2631E58AE1B0013EA25 /* PostListWireFrame.swift */,
			);
			path = WireFrame;
			sourceTree = "<group>";
		};
		1501C2591E58A8CA0013EA25 /* Local */ = {
			isa = PBXGroup;
			children = (
				1501C25B1E58A8EB0013EA25 /* PostListLocalDataManager.swift */,
			);
			path = Local;
			sourceTree = "<group>";
		};
		1501C25A1E58A8CA0013EA25 /* Remote */ = {
			isa = PBXGroup;
			children = (
				1501C25D1E58A9090013EA25 /* PostListRemoteDataManager.swift */,
			);
			path = Remote;
			sourceTree = "<group>";
		};
		AA967C08F14328672BD0EEA3 /* Frameworks */ = {
			isa = PBXGroup;
			children = (
				0DFE8E51466770BB0911645A /* Pods_iOS_Viper_Architecture.framework */,
			);
			name = Frameworks;
			sourceTree = "<group>";
		};
		F885816932661E1DF04A1731 /* Pods */ = {
			isa = PBXGroup;
			children = (
				603469DB5210F5C501F8FDB5 /* Pods-iOS-Viper-Architecture.debug.xcconfig */,
				C0BC9D39498F514FA6DCC853 /* Pods-iOS-Viper-Architecture.release.xcconfig */,
			);
			name = Pods;
			sourceTree = "<group>";
		};
/* End PBXGroup section */

/* Begin PBXNativeTarget section */
		1501C1F81E588B550013EA25 /* iOS-Viper-Architecture */ = {
			isa = PBXNativeTarget;
			buildConfigurationList = 1501C20E1E588B550013EA25 /* Build configuration list for PBXNativeTarget "iOS-Viper-Architecture" */;
			buildPhases = (
				890F79F19AD699F69D2FB509 /* [CP] Check Pods Manifest.lock */,
				1501C1F51E588B550013EA25 /* Sources */,
				1501C1F61E588B550013EA25 /* Frameworks */,
				1501C1F71E588B550013EA25 /* Resources */,
				4590E199A6FCAA9C47BEC660 /* [CP] Embed Pods Frameworks */,
				D0D24D5A2F0B5DEAC785DB63 /* [CP] Copy Pods Resources */,
			);
			buildRules = (
			);
			dependencies = (
			);
			name = "iOS-Viper-Architecture";
			productName = "iOS-Viper-Architecture";
			productReference = 1501C1F91E588B550013EA25 /* iOS-Viper-Architecture.app */;
			productType = "com.apple.product-type.application";
		};
/* End PBXNativeTarget section */

/* Begin PBXProject section */
		1501C1F11E588B550013EA25 /* Project object */ = {
			isa = PBXProject;
			attributes = {
				LastSwiftUpdateCheck = 0820;
				LastUpgradeCheck = 0900;
				ORGANIZATIONNAME = "Mindorks NextGen Private Limited";
				TargetAttributes = {
					1501C1F81E588B550013EA25 = {
						CreatedOnToolsVersion = 8.2.1;
						LastSwiftMigration = 0900;
						ProvisioningStyle = Automatic;
					};
				};
			};
			buildConfigurationList = 1501C1F41E588B550013EA25 /* Build configuration list for PBXProject "iOS-Viper-Architecture" */;
			compatibilityVersion = "Xcode 3.2";
			developmentRegion = English;
			hasScannedForEncodings = 0;
			knownRegions = (
				en,
				Base,
			);
			mainGroup = 1501C1F01E588B550013EA25;
			productRefGroup = 1501C1FA1E588B550013EA25 /* Products */;
			projectDirPath = "";
			projectRoot = "";
			targets = (
				1501C1F81E588B550013EA25 /* iOS-Viper-Architecture */,
			);
		};
/* End PBXProject section */

/* Begin PBXResourcesBuildPhase section */
		1501C1F71E588B550013EA25 /* Resources */ = {
			isa = PBXResourcesBuildPhase;
			buildActionMask = 2147483647;
			files = (
				1501C20A1E588B550013EA25 /* LaunchScreen.storyboard in Resources */,
				1501C2071E588B550013EA25 /* Assets.xcassets in Resources */,
				1501C2021E588B550013EA25 /* Main.storyboard in Resources */,
			);
			runOnlyForDeploymentPostprocessing = 0;
		};
/* End PBXResourcesBuildPhase section */

/* Begin PBXShellScriptBuildPhase section */
		4590E199A6FCAA9C47BEC660 /* [CP] Embed Pods Frameworks */ = {
			isa = PBXShellScriptBuildPhase;
			buildActionMask = 2147483647;
			files = (
			);
			inputPaths = (
				"${SRCROOT}/Pods/Target Support Files/Pods-iOS-Viper-Architecture/Pods-iOS-Viper-Architecture-frameworks.sh",
				"${BUILT_PRODUCTS_DIR}/Alamofire/Alamofire.framework",
				"${BUILT_PRODUCTS_DIR}/AlamofireImage/AlamofireImage.framework",
				"${BUILT_PRODUCTS_DIR}/AlamofireObjectMapper/AlamofireObjectMapper.framework",
				"${BUILT_PRODUCTS_DIR}/ObjectMapper/ObjectMapper.framework",
				"${BUILT_PRODUCTS_DIR}/PKHUD/PKHUD.framework",
			);
			name = "[CP] Embed Pods Frameworks";
			outputPaths = (
				"${TARGET_BUILD_DIR}/${FRAMEWORKS_FOLDER_PATH}/Alamofire.framework",
				"${TARGET_BUILD_DIR}/${FRAMEWORKS_FOLDER_PATH}/AlamofireImage.framework",
				"${TARGET_BUILD_DIR}/${FRAMEWORKS_FOLDER_PATH}/AlamofireObjectMapper.framework",
				"${TARGET_BUILD_DIR}/${FRAMEWORKS_FOLDER_PATH}/ObjectMapper.framework",
				"${TARGET_BUILD_DIR}/${FRAMEWORKS_FOLDER_PATH}/PKHUD.framework",
			);
			runOnlyForDeploymentPostprocessing = 0;
			shellPath = /bin/sh;
			shellScript = "\"${SRCROOT}/Pods/Target Support Files/Pods-iOS-Viper-Architecture/Pods-iOS-Viper-Architecture-frameworks.sh\"\n";
			showEnvVarsInLog = 0;
		};
		890F79F19AD699F69D2FB509 /* [CP] Check Pods Manifest.lock */ = {
			isa = PBXShellScriptBuildPhase;
			buildActionMask = 2147483647;
			files = (
			);
			inputPaths = (
				"${PODS_PODFILE_DIR_PATH}/Podfile.lock",
				"${PODS_ROOT}/Manifest.lock",
			);
			name = "[CP] Check Pods Manifest.lock";
			outputPaths = (
				"$(DERIVED_FILE_DIR)/Pods-iOS-Viper-Architecture-checkManifestLockResult.txt",
			);
			runOnlyForDeploymentPostprocessing = 0;
			shellPath = /bin/sh;
			shellScript = "diff \"${PODS_PODFILE_DIR_PATH}/Podfile.lock\" \"${PODS_ROOT}/Manifest.lock\" > /dev/null\nif [ $? != 0 ] ; then\n    # print error to STDERR\n    echo \"error: The sandbox is not in sync with the Podfile.lock. Run 'pod install' or update your CocoaPods installation.\" >&2\n    exit 1\nfi\n# This output is used by Xcode 'outputs' to avoid re-running this script phase.\necho \"SUCCESS\" > \"${SCRIPT_OUTPUT_FILE_0}\"\n";
			showEnvVarsInLog = 0;
		};
		D0D24D5A2F0B5DEAC785DB63 /* [CP] Copy Pods Resources */ = {
			isa = PBXShellScriptBuildPhase;
			buildActionMask = 2147483647;
			files = (
			);
			inputPaths = (
			);
			name = "[CP] Copy Pods Resources";
			outputPaths = (
			);
			runOnlyForDeploymentPostprocessing = 0;
			shellPath = /bin/sh;
			shellScript = "\"${SRCROOT}/Pods/Target Support Files/Pods-iOS-Viper-Architecture/Pods-iOS-Viper-Architecture-resources.sh\"\n";
			showEnvVarsInLog = 0;
		};
/* End PBXShellScriptBuildPhase section */

/* Begin PBXSourcesBuildPhase section */
		1501C1F51E588B550013EA25 /* Sources */ = {
			isa = PBXSourcesBuildPhase;
			buildActionMask = 2147483647;
			files = (
				1501C2051E588B550013EA25 /* iOS_Viper_Architecture.xcdatamodeld in Sources */,
				1501C2581E58A26F0013EA25 /* PostModel.swift in Sources */,
				1501C26C1E58BF220013EA25 /* PostDetailPresenter.swift in Sources */,
				1501C1FF1E588B550013EA25 /* ViewController.swift in Sources */,
				1501C2121E588EE20013EA25 /* CoreDataStore.swift in Sources */,
				1501C2561E58A0FC0013EA25 /* PostListProtocols.swift in Sources */,
				1501C2681E58BCC50013EA25 /* PostDetailProtocols.swift in Sources */,
				15B951321E59745C00C6B3AD /* PostTableViewCell.swift in Sources */,
				1501C25E1E58A9090013EA25 /* PostListRemoteDataManager.swift in Sources */,
				1501C2661E58AF200013EA25 /* PostListView.swift in Sources */,
				1501C26E1E58C1450013EA25 /* PostDetailView.swift in Sources */,
				152D268C1E59A73600BB3860 /* Post+CoreDataProperties.swift in Sources */,
				1501C25C1E58A8EB0013EA25 /* PostListLocalDataManager.swift in Sources */,
				1501C2621E58ABBA0013EA25 /* PostListPresenter.swift in Sources */,
				1501C2601E58AA6D0013EA25 /* PostListInteractor.swift in Sources */,
				15B951301E59574600C6B3AD /* Endpoints.swift in Sources */,
				1501C2641E58AE1B0013EA25 /* PostListWireFrame.swift in Sources */,
				1501C2541E58A0FC0013EA25 /* PersistenceError.swift in Sources */,
				152D268B1E59A73600BB3860 /* Post.swift in Sources */,
				1501C1FD1E588B550013EA25 /* AppDelegate.swift in Sources */,
				1501C26A1E58BEA40013EA25 /* PostDetailWireFrame.swift in Sources */,
			);
			runOnlyForDeploymentPostprocessing = 0;
		};
/* End PBXSourcesBuildPhase section */

/* Begin PBXVariantGroup section */
		1501C2001E588B550013EA25 /* Main.storyboard */ = {
			isa = PBXVariantGroup;
			children = (
				1501C2011E588B550013EA25 /* Base */,
			);
			name = Main.storyboard;
			sourceTree = "<group>";
		};
		1501C2081E588B550013EA25 /* LaunchScreen.storyboard */ = {
			isa = PBXVariantGroup;
			children = (
				1501C2091E588B550013EA25 /* Base */,
			);
			name = LaunchScreen.storyboard;
			sourceTree = "<group>";
		};
/* End PBXVariantGroup section */

/* Begin XCBuildConfiguration section */
		1501C20C1E588B550013EA25 /* Debug */ = {
			isa = XCBuildConfiguration;
			buildSettings = {
				ALWAYS_SEARCH_USER_PATHS = NO;
				CLANG_ANALYZER_NONNULL = YES;
				CLANG_CXX_LANGUAGE_STANDARD = "gnu++0x";
				CLANG_CXX_LIBRARY = "libc++";
				CLANG_ENABLE_MODULES = YES;
				CLANG_ENABLE_OBJC_ARC = YES;
				CLANG_WARN_BLOCK_CAPTURE_AUTORELEASING = YES;
				CLANG_WARN_BOOL_CONVERSION = YES;
				CLANG_WARN_COMMA = YES;
				CLANG_WARN_CONSTANT_CONVERSION = YES;
				CLANG_WARN_DIRECT_OBJC_ISA_USAGE = YES_ERROR;
				CLANG_WARN_DOCUMENTATION_COMMENTS = YES;
				CLANG_WARN_EMPTY_BODY = YES;
				CLANG_WARN_ENUM_CONVERSION = YES;
				CLANG_WARN_INFINITE_RECURSION = YES;
				CLANG_WARN_INT_CONVERSION = YES;
				CLANG_WARN_NON_LITERAL_NULL_CONVERSION = YES;
				CLANG_WARN_OBJC_LITERAL_CONVERSION = YES;
				CLANG_WARN_OBJC_ROOT_CLASS = YES_ERROR;
				CLANG_WARN_RANGE_LOOP_ANALYSIS = YES;
				CLANG_WARN_STRICT_PROTOTYPES = YES;
				CLANG_WARN_SUSPICIOUS_MOVE = YES;
				CLANG_WARN_UNREACHABLE_CODE = YES;
				CLANG_WARN__DUPLICATE_METHOD_MATCH = YES;
				"CODE_SIGN_IDENTITY[sdk=iphoneos*]" = "iPhone Developer";
				COPY_PHASE_STRIP = NO;
				DEBUG_INFORMATION_FORMAT = dwarf;
				ENABLE_STRICT_OBJC_MSGSEND = YES;
				ENABLE_TESTABILITY = YES;
				GCC_C_LANGUAGE_STANDARD = gnu99;
				GCC_DYNAMIC_NO_PIC = NO;
				GCC_NO_COMMON_BLOCKS = YES;
				GCC_OPTIMIZATION_LEVEL = 0;
				GCC_PREPROCESSOR_DEFINITIONS = (
					"DEBUG=1",
					"$(inherited)",
				);
				GCC_WARN_64_TO_32_BIT_CONVERSION = YES;
				GCC_WARN_ABOUT_RETURN_TYPE = YES_ERROR;
				GCC_WARN_UNDECLARED_SELECTOR = YES;
				GCC_WARN_UNINITIALIZED_AUTOS = YES_AGGRESSIVE;
				GCC_WARN_UNUSED_FUNCTION = YES;
				GCC_WARN_UNUSED_VARIABLE = YES;
				IPHONEOS_DEPLOYMENT_TARGET = 10.2;
				MTL_ENABLE_DEBUG_INFO = YES;
				ONLY_ACTIVE_ARCH = YES;
				SDKROOT = iphoneos;
				SWIFT_ACTIVE_COMPILATION_CONDITIONS = DEBUG;
				SWIFT_OPTIMIZATION_LEVEL = "-Onone";
				TARGETED_DEVICE_FAMILY = "1,2";
			};
			name = Debug;
		};
		1501C20D1E588B550013EA25 /* Release */ = {
			isa = XCBuildConfiguration;
			buildSettings = {
				ALWAYS_SEARCH_USER_PATHS = NO;
				CLANG_ANALYZER_NONNULL = YES;
				CLANG_CXX_LANGUAGE_STANDARD = "gnu++0x";
				CLANG_CXX_LIBRARY = "libc++";
				CLANG_ENABLE_MODULES = YES;
				CLANG_ENABLE_OBJC_ARC = YES;
				CLANG_WARN_BLOCK_CAPTURE_AUTORELEASING = YES;
				CLANG_WARN_BOOL_CONVERSION = YES;
				CLANG_WARN_COMMA = YES;
				CLANG_WARN_CONSTANT_CONVERSION = YES;
				CLANG_WARN_DIRECT_OBJC_ISA_USAGE = YES_ERROR;
				CLANG_WARN_DOCUMENTATION_COMMENTS = YES;
				CLANG_WARN_EMPTY_BODY = YES;
				CLANG_WARN_ENUM_CONVERSION = YES;
				CLANG_WARN_INFINITE_RECURSION = YES;
				CLANG_WARN_INT_CONVERSION = YES;
				CLANG_WARN_NON_LITERAL_NULL_CONVERSION = YES;
				CLANG_WARN_OBJC_LITERAL_CONVERSION = YES;
				CLANG_WARN_OBJC_ROOT_CLASS = YES_ERROR;
				CLANG_WARN_RANGE_LOOP_ANALYSIS = YES;
				CLANG_WARN_STRICT_PROTOTYPES = YES;
				CLANG_WARN_SUSPICIOUS_MOVE = YES;
				CLANG_WARN_UNREACHABLE_CODE = YES;
				CLANG_WARN__DUPLICATE_METHOD_MATCH = YES;
				"CODE_SIGN_IDENTITY[sdk=iphoneos*]" = "iPhone Developer";
				COPY_PHASE_STRIP = NO;
				DEBUG_INFORMATION_FORMAT = "dwarf-with-dsym";
				ENABLE_NS_ASSERTIONS = NO;
				ENABLE_STRICT_OBJC_MSGSEND = YES;
				GCC_C_LANGUAGE_STANDARD = gnu99;
				GCC_NO_COMMON_BLOCKS = YES;
				GCC_WARN_64_TO_32_BIT_CONVERSION = YES;
				GCC_WARN_ABOUT_RETURN_TYPE = YES_ERROR;
				GCC_WARN_UNDECLARED_SELECTOR = YES;
				GCC_WARN_UNINITIALIZED_AUTOS = YES_AGGRESSIVE;
				GCC_WARN_UNUSED_FUNCTION = YES;
				GCC_WARN_UNUSED_VARIABLE = YES;
				IPHONEOS_DEPLOYMENT_TARGET = 10.2;
				MTL_ENABLE_DEBUG_INFO = NO;
				SDKROOT = iphoneos;
				SWIFT_OPTIMIZATION_LEVEL = "-Owholemodule";
				TARGETED_DEVICE_FAMILY = "1,2";
				VALIDATE_PRODUCT = YES;
			};
			name = Release;
		};
		1501C20F1E588B550013EA25 /* Debug */ = {
			isa = XCBuildConfiguration;
			baseConfigurationReference = 603469DB5210F5C501F8FDB5 /* Pods-iOS-Viper-Architecture.debug.xcconfig */;
			buildSettings = {
				ASSETCATALOG_COMPILER_APPICON_NAME = AppIcon;
				DEVELOPMENT_TEAM = "";
				INFOPLIST_FILE = "iOS-Viper-Architecture/Info.plist";
				LD_RUNPATH_SEARCH_PATHS = "$(inherited) @executable_path/Frameworks";
				PRODUCT_BUNDLE_IDENTIFIER = "com.mindorks.iOS-Viper-Architecture";
				PRODUCT_NAME = "$(TARGET_NAME)";
				SWIFT_VERSION = 4.0;
				TARGETED_DEVICE_FAMILY = 1;
			};
			name = Debug;
		};
		1501C2101E588B550013EA25 /* Release */ = {
			isa = XCBuildConfiguration;
			baseConfigurationReference = C0BC9D39498F514FA6DCC853 /* Pods-iOS-Viper-Architecture.release.xcconfig */;
			buildSettings = {
				ASSETCATALOG_COMPILER_APPICON_NAME = AppIcon;
				DEVELOPMENT_TEAM = "";
				INFOPLIST_FILE = "iOS-Viper-Architecture/Info.plist";
				LD_RUNPATH_SEARCH_PATHS = "$(inherited) @executable_path/Frameworks";
				PRODUCT_BUNDLE_IDENTIFIER = "com.mindorks.iOS-Viper-Architecture";
				PRODUCT_NAME = "$(TARGET_NAME)";
				SWIFT_VERSION = 4.0;
				TARGETED_DEVICE_FAMILY = 1;
			};
			name = Release;
		};
/* End XCBuildConfiguration section */

/* Begin XCConfigurationList section */
		1501C1F41E588B550013EA25 /* Build configuration list for PBXProject "iOS-Viper-Architecture" */ = {
			isa = XCConfigurationList;
			buildConfigurations = (
				1501C20C1E588B550013EA25 /* Debug */,
				1501C20D1E588B550013EA25 /* Release */,
			);
			defaultConfigurationIsVisible = 0;
			defaultConfigurationName = Release;
		};
		1501C20E1E588B550013EA25 /* Build configuration list for PBXNativeTarget "iOS-Viper-Architecture" */ = {
			isa = XCConfigurationList;
			buildConfigurations = (
				1501C20F1E588B550013EA25 /* Debug */,
				1501C2101E588B550013EA25 /* Release */,
			);
			defaultConfigurationIsVisible = 0;
			defaultConfigurationName = Release;
		};
/* End XCConfigurationList section */

/* Begin XCVersionGroup section */
		1501C2031E588B550013EA25 /* iOS_Viper_Architecture.xcdatamodeld */ = {
			isa = XCVersionGroup;
			children = (
				1501C2041E588B550013EA25 /* iOS_Viper_Architecture.xcdatamodel */,
			);
			currentVersion = 1501C2041E588B550013EA25 /* iOS_Viper_Architecture.xcdatamodel */;
			path = iOS_Viper_Architecture.xcdatamodeld;
			sourceTree = "<group>";
			versionGroupType = wrapper.xcdatamodel;
		};
/* End XCVersionGroup section */
	};
	rootObject = 1501C1F11E588B550013EA25 /* Project object */;
}
